<?xml version="1.0" encoding="utf-8"?>
<Project ToolsVersion="4.0" xmlns="http://schemas.microsoft.com/developer/msbuild/2003">
  <ItemGroup>
    <ClCompile Include="..\..\src\gamestaticd\CliRunnable.cpp" />
    <ClCompile Include="..\..\src\gamestaticd\Main.cpp" />
    <ClCompile Include="..\..\src\gamestaticd\Master.cpp" />
    <ClCompile Include="..\..\src\gamestaticd\RASocket.cpp" />
    <ClCompile Include="..\..\src\shared\WheatyExceptionReport.cpp" />
  </ItemGroup>
  <ItemGroup>
    <ClInclude Include="..\..\src\gamestaticd\CliRunnable.h" />
    <ClInclude Include="..\..\src\gamestaticd\Master.h" />
    <ClInclude Include="..\..\src\gamestaticd\RASocket.h" />
    <ClInclude Include="..\..\src\shared\WheatyExceptionReport.h" />
  </ItemGroup>
  <ItemGroup>
    <ResourceCompile Include="..\..\src\gamestaticd\gamestaticd.rc" />
  </ItemGroup>
</Project>